{
  "name": "alicewm",
  "version": "1.0.0",
  "lockfileVersion": 2,
  "requires": true,
  "packages": {
    "": {
      "name": "alicewm",
      "version": "1.0.0",
      "license": "ISC",
      "dependencies": {
        "xterm": "^5.1.0"
      }
    },
    "node_modules/xterm": {
      "version": "5.1.0",
      "resolved": "https://registry.npmjs.org/xterm/-/xterm-5.1.0.tgz",
      "integrity": "sha512-LovENH4WDzpwynj+OTkLyZgJPeDom9Gra4DMlGAgz6pZhIDCQ+YuO7yfwanY+gVbn/mmZIStNOnVRU/ikQuAEQ=="
    }
  },
  "dependencies": {
    "xterm": {
      "version": "5.1.0",
      "resolved": "https://registry.npmjs.org/xterm/-/xterm-5.1.0.tgz",
      "integrity": "sha512-LovENH4WDzpwynj+OTkLyZgJPeDom9Gra4DMlGAgz6pZhIDCQ+YuO7yfwanY+gVbn/mmZIStNOnVRU/ikQuAEQ=="
    }
  }
}
